// !$*UTF8*$!
{
	archiveVersion = 1;
	classes = {
	};
	objectVersion = 46;
	objects = {

/* Begin PBXBuildFile section */
		4DDFF3B91E443B4F00540075 /* AppDelegate.swift in Sources */ = {isa = PBXBuildFile; fileRef = 4DDFF3B81E443B4F00540075 /* AppDelegate.swift */; };
		4DDFF3BB1E443B4F00540075 /* ViewController.swift in Sources */ = {isa = PBXBuildFile; fileRef = 4DDFF3BA1E443B4F00540075 /* ViewController.swift */; };
		4DDFF3BE1E443B4F00540075 /* Main.storyboard in Resources */ = {isa = PBXBuildFile; fileRef = 4DDFF3BC1E443B4F00540075 /* Main.storyboard */; };
		4DDFF3C11E443B4F00540075 /* DVDCollector.xcdatamodeld in Sources */ = {isa = PBXBuildFile; fileRef = 4DDFF3BF1E443B4F00540075 /* DVDCollector.xcdatamodeld */; };
		4DDFF3C31E443B4F00540075 /* Assets.xcassets in Resources */ = {isa = PBXBuildFile; fileRef = 4DDFF3C21E443B4F00540075 /* Assets.xcassets */; };
		4DDFF3C61E443B4F00540075 /* LaunchScreen.storyboard in Resources */ = {isa = PBXBuildFile; fileRef = 4DDFF3C41E443B4F00540075 /* LaunchScreen.storyboard */; };
		4DDFF3CE1E44522600540075 /* IMG_0003.jpg in Resources */ = {isa = PBXBuildFile; fileRef = 4DDFF3CD1E44522600540075 /* IMG_0003.jpg */; };
		4DDFF3D21E4454DB00540075 /* DVDViewController.swift in Sources */ = {isa = PBXBuildFile; fileRef = 4DDFF3D11E4454DB00540075 /* DVDViewController.swift */; };
/* End PBXBuildFile section */

/* Begin PBXFileReference section */
		4DDFF3B51E443B4F00540075 /* DVDCollector.app */ = {isa = PBXFileReference; explicitFileType = wrapper.application; includeInIndex = 0; path = DVDCollector.app; sourceTree = BUILT_PRODUCTS_DIR; };
		4DDFF3B81E443B4F00540075 /* AppDelegate.swift */ = {isa = PBXFileReference; lastKnownFileType = sourcecode.swift; path = AppDelegate.swift; sourceTree = "<group>"; };
		4DDFF3BA1E443B4F00540075 /* ViewController.swift */ = {isa = PBXFileReference; lastKnownFileType = sourcecode.swift; path = ViewController.swift; sourceTree = "<group>"; };
		4DDFF3BD1E443B4F00540075 /* Base */ = {isa = PBXFileReference; lastKnownFileType = file.storyboard; name = Base; path = Base.lproj/Main.storyboard; sourceTree = "<group>"; };
		4DDFF3C01E443B4F00540075 /* DVDCollector.xcdatamodel */ = {isa = PBXFileReference; lastKnownFileType = wrapper.xcdatamodel; path = DVDCollector.xcdatamodel; sourceTree = "<group>"; };
		4DDFF3C21E443B4F00540075 /* Assets.xcassets */ = {isa = PBXFileReference; lastKnownFileType = folder.assetcatalog; path = Assets.xcassets; sourceTree = "<group>"; };
		4DDFF3C51E443B4F00540075 /* Base */ = {isa = PBXFileReference; lastKnownFileType = file.storyboard; name = Base; path = Base.lproj/LaunchScreen.storyboard; sourceTree = "<group>"; };
		4DDFF3C71E443B4F00540075 /* Info.plist */ = {isa = PBXFileReference; lastKnownFileType = text.plist.xml; path = Info.plist; sourceTree = "<group>"; };
		4DDFF3CD1E44522600540075 /* IMG_0003.jpg */ = {isa = PBXFileReference; lastKnownFileType = image.jpeg; path = IMG_0003.jpg; sourceTree = "<group>"; };
		4DDFF3D11E4454DB00540075 /* DVDViewController.swift */ = {isa = PBXFileReference; fileEncoding = 4; lastKnownFileType = sourcecode.swift; name = DVDViewController.swift; path = ../DVDViewController.swift; sourceTree = "<group>"; };
/* End PBXFileReference section */

/* Begin PBXFrameworksBuildPhase section */
		4DDFF3B21E443B4F00540075 /* Frameworks */ = {
			isa = PBXFrameworksBuildPhase;
			buildActionMask = 2147483647;
			files = (
			);
			runOnlyForDeploymentPostprocessing = 0;
		};
/* End PBXFrameworksBuildPhase section */

/* Begin PBXGroup section */
		4DDFF3AC1E443B4F00540075 = {
			isa = PBXGroup;
			children = (
				4DDFF3B71E443B4F00540075 /* DVDCollector */,
				4DDFF3B61E443B4F00540075 /* Products */,
			);
			sourceTree = "<group>";
		};
		4DDFF3B61E443B4F00540075 /* Products */ = {
			isa = PBXGroup;
			children = (
				4DDFF3B51E443B4F00540075 /* DVDCollector.app */,
			);
			name = Products;
			sourceTree = "<group>";
		};
		4DDFF3B71E443B4F00540075 /* DVDCollector */ = {
			isa = PBXGroup;
			children = (
				4DDFF3B81E443B4F00540075 /* AppDelegate.swift */,
				4DDFF3BA1E443B4F00540075 /* ViewController.swift */,
				4DDFF3D11E4454DB00540075 /* DVDViewController.swift */,
				4DDFF3BC1E443B4F00540075 /* Main.storyboard */,
				4DDFF3C21E443B4F00540075 /* Assets.xcassets */,
				4DDFF3CD1E44522600540075 /* IMG_0003.jpg */,
				4DDFF3C41E443B4F00540075 /* LaunchScreen.storyboard */,
				4DDFF3C71E443B4F00540075 /* Info.plist */,
				4DDFF3BF1E443B4F00540075 /* DVDCollector.xcdatamodeld */,
			);
			path = DVDCollector;
			sourceTree = "<group>";
		};
/* End PBXGroup section */

/* Begin PBXNativeTarget section */
		4DDFF3B41E443B4F00540075 /* DVDCollector */ = {
			isa = PBXNativeTarget;
			buildConfigurationList = 4DDFF3CA1E443B4F00540075 /* Build configuration list for PBXNativeTarget "DVDCollector" */;
			buildPhases = (
				4DDFF3B11E443B4F00540075 /* Sources */,
				4DDFF3B21E443B4F00540075 /* Frameworks */,
				4DDFF3B31E443B4F00540075 /* Resources */,
			);
			buildRules = (
			);
			dependencies = (
			);
			name = DVDCollector;
			productName = DVDCollector;
			productReference = 4DDFF3B51E443B4F00540075 /* DVDCollector.app */;
			productType = "com.apple.product-type.application";
		};
/* End PBXNativeTarget section */

/* Begin PBXProject section */
		4DDFF3AD1E443B4F00540075 /* Project object */ = {
			isa = PBXProject;
			attributes = {
				LastSwiftUpdateCheck = 0820;
				LastUpgradeCheck = 0820;
				ORGANIZATIONNAME = "Scott Asher";
				TargetAttributes = {
					4DDFF3B41E443B4F00540075 = {
						CreatedOnToolsVersion = 8.2.1;
						ProvisioningStyle = Automatic;
					};
				};
			};
			buildConfigurationList = 4DDFF3B01E443B4F00540075 /* Build configuration list for PBXProject "DVDCollector" */;
			compatibilityVersion = "Xcode 3.2";
			developmentRegion = English;
			hasScannedForEncodings = 0;
			knownRegions = (
				en,
				Base,
			);
			mainGroup = 4DDFF3AC1E443B4F00540075;
			productRefGroup = 4DDFF3B61E443B4F00540075 /* Products */;
			projectDirPath = "";
			projectRoot = "";
			targets = (
				4DDFF3B41E443B4F00540075 /* DVDCollector */,
			);
		};
/* End PBXProject section */

/* Begin PBXResourcesBuildPhase section */
		4DDFF3B31E443B4F00540075 /* Resources */ = {
			isa = PBXResourcesBuildPhase;
			buildActionMask = 2147483647;
			files = (
				4DDFF3C61E443B4F00540075 /* LaunchScreen.storyboard in Resources */,
				4DDFF3C31E443B4F00540075 /* Assets.xcassets in Resources */,
				4DDFF3CE1E44522600540075 /* IMG_0003.jpg in Resources */,
				4DDFF3BE1E443B4F00540075 /* Main.storyboard in Resources */,
			);
			runOnlyForDeploymentPostprocessing = 0;
		};
/* End PBXResourcesBuildPhase section */

/* Begin PBXSourcesBuildPhase section */
		4DDFF3B11E443B4F00540075 /* Sources */ = {
			isa = PBXSourcesBuildPhase;
			buildActionMask = 2147483647;
			files = (
				4DDFF3C11E443B4F00540075 /* DVDCollector.xcdatamodeld in Sources */,
				4DDFF3BB1E443B4F00540075 /* ViewController.swift in Sources */,
				4DDFF3B91E443B4F00540075 /* AppDelegate.swift in Sources */,
				4DDFF3D21E4454DB00540075 /* DVDViewController.swift in Sources */,
			);
			runOnlyForDeploymentPostprocessing = 0;
		};
/* End PBXSourcesBuildPhase section */

/* Begin PBXVariantGroup section */
		4DDFF3BC1E443B4F00540075 /* Main.storyboard */ = {
			isa = PBXVariantGroup;
			children = (
				4DDFF3BD1E443B4F00540075 /* Base */,
			);
			name = Main.storyboard;
			sourceTree = "<group>";
		};
		4DDFF3C41E443B4F00540075 /* LaunchScreen.storyboard */ = {
			isa = PBXVariantGroup;
			children = (
				4DDFF3C51E443B4F00540075 /* Base */,
			);
			name = LaunchScreen.storyboard;
			sourceTree = "<group>";
		};
/* End PBXVariantGroup section */

/* Begin XCBuildConfiguration section */
		4DDFF3C81E443B4F00540075 /* Debug */ = {
			isa = XCBuildConfiguration;
			buildSettings = {
				ALWAYS_SEARCH_USER_PATHS = NO;
				CLANG_ANALYZER_NONNULL = YES;
				CLANG_CXX_LANGUAGE_STANDARD = "gnu++0x";
				CLANG_CXX_LIBRARY = "libc++";
				CLANG_ENABLE_MODULES = YES;
				CLANG_ENABLE_OBJC_ARC = YES;
				CLANG_WARN_BOOL_CONVERSION = YES;
				CLANG_WARN_CONSTANT_CONVERSION = YES;
				CLANG_WARN_DIRECT_OBJC_ISA_USAGE = YES_ERROR;
				CLANG_WARN_DOCUMENTATION_COMMENTS = YES;
				CLANG_WARN_EMPTY_BODY = YES;
				CLANG_WARN_ENUM_CONVERSION = YES;
				CLANG_WARN_INFINITE_RECURSION = YES;
				CLANG_WARN_INT_CONVERSION = YES;
				CLANG_WARN_OBJC_ROOT_CLASS = YES_ERROR;
				CLANG_WARN_SUSPICIOUS_MOVE = YES;
				CLANG_WARN_UNREACHABLE_CODE = YES;
				CLANG_WARN__DUPLICATE_METHOD_MATCH = YES;
				"CODE_SIGN_IDENTITY[sdk=iphoneos*]" = "iPhone Developer";
				COPY_PHASE_STRIP = NO;
				DEBUG_INFORMATION_FORMAT = dwarf;
				ENABLE_STRICT_OBJC_MSGSEND = YES;
				ENABLE_TESTABILITY = YES;
				GCC_C_LANGUAGE_STANDARD = gnu99;
				GCC_DYNAMIC_NO_PIC = NO;
				GCC_NO_COMMON_BLOCKS = YES;
				GCC_OPTIMIZATION_LEVEL = 0;
				GCC_PREPROCESSOR_DEFINITIONS = (
					"DEBUG=1",
					"$(inherited)",
				);
				GCC_WARN_64_TO_32_BIT_CONVERSION = YES;
				GCC_WARN_ABOUT_RETURN_TYPE = YES_ERROR;
				GCC_WARN_UNDECLARED_SELECTOR = YES;
				GCC_WARN_UNINITIALIZED_AUTOS = YES_AGGRESSIVE;
				GCC_WARN_UNUSED_FUNCTION = YES;
				GCC_WARN_UNUSED_VARIABLE = YES;
				IPHONEOS_DEPLOYMENT_TARGET = 10.2;
				MTL_ENABLE_DEBUG_INFO = YES;
				ONLY_ACTIVE_ARCH = YES;
				SDKROOT = iphoneos;
				SWIFT_ACTIVE_COMPILATION_CONDITIONS = DEBUG;
				SWIFT_OPTIMIZATION_LEVEL = "-Onone";
				TARGETED_DEVICE_FAMILY = "1,2";
			};
			name = Debug;
		};
		4DDFF3C91E443B4F00540075 /* Release */ = {
			isa = XCBuildConfiguration;
			buildSettings = {
				ALWAYS_SEARCH_USER_PATHS = NO;
				CLANG_ANALYZER_NONNULL = YES;
				CLANG_CXX_LANGUAGE_STANDARD = "gnu++0x";
				CLANG_CXX_LIBRARY = "libc++";
				CLANG_ENABLE_MODULES = YES;
				CLANG_ENABLE_OBJC_ARC = YES;
				CLANG_WARN_BOOL_CONVERSION = YES;
				CLANG_WARN_CONSTANT_CONVERSION = YES;
				CLANG_WARN_DIRECT_OBJC_ISA_USAGE = YES_ERROR;
				CLANG_WARN_DOCUMENTATION_COMMENTS = YES;
				CLANG_WARN_EMPTY_BODY = YES;
				CLANG_WARN_ENUM_CONVERSION = YES;
				CLANG_WARN_INFINITE_RECURSION = YES;
				CLANG_WARN_INT_CONVERSION = YES;
				CLANG_WARN_OBJC_ROOT_CLASS = YES_ERROR;
				CLANG_WARN_SUSPICIOUS_MOVE = YES;
				CLANG_WARN_UNREACHABLE_CODE = YES;
				CLANG_WARN__DUPLICATE_METHOD_MATCH = YES;
				"CODE_SIGN_IDENTITY[sdk=iphoneos*]" = "iPhone Developer";
				COPY_PHASE_STRIP = NO;
				DEBUG_INFORMATION_FORMAT = "dwarf-with-dsym";
				ENABLE_NS_ASSERTIONS = NO;
				ENABLE_STRICT_OBJC_MSGSEND = YES;
				GCC_C_LANGUAGE_STANDARD = gnu99;
				GCC_NO_COMMON_BLOCKS = YES;
				GCC_WARN_64_TO_32_BIT_CONVERSION = YES;
				GCC_WARN_ABOUT_RETURN_TYPE = YES_ERROR;
				GCC_WARN_UNDECLARED_SELECTOR = YES;
				GCC_WARN_UNINITIALIZED_AUTOS = YES_AGGRESSIVE;
				GCC_WARN_UNUSED_FUNCTION = YES;
				GCC_WARN_UNUSED_VARIABLE = YES;
				IPHONEOS_DEPLOYMENT_TARGET = 10.2;
				MTL_ENABLE_DEBUG_INFO = NO;
				SDKROOT = iphoneos;
				SWIFT_OPTIMIZATION_LEVEL = "-Owholemodule";
				TARGETED_DEVICE_FAMILY = "1,2";
				VALIDATE_PRODUCT = YES;
			};
			name = Release;
		};
		4DDFF3CB1E443B4F00540075 /* Debug */ = {
			isa = XCBuildConfiguration;
			buildSettings = {
				ASSETCATALOG_COMPILER_APPICON_NAME = AppIcon;
				INFOPLIST_FILE = DVDCollector/Info.plist;
				LD_RUNPATH_SEARCH_PATHS = "$(inherited) @executable_path/Frameworks";
				PRODUCT_BUNDLE_IDENTIFIER = com.asherosu.DVDCollector;
				PRODUCT_NAME = "$(TARGET_NAME)";
				SWIFT_VERSION = 3.0;
			};
			name = Debug;
		};
		4DDFF3CC1E443B4F00540075 /* Release */ = {
			isa = XCBuildConfiguration;
			buildSettings = {
				ASSETCATALOG_COMPILER_APPICON_NAME = AppIcon;
				INFOPLIST_FILE = DVDCollector/Info.plist;
				LD_RUNPATH_SEARCH_PATHS = "$(inherited) @executable_path/Frameworks";
				PRODUCT_BUNDLE_IDENTIFIER = com.asherosu.DVDCollector;
				PRODUCT_NAME = "$(TARGET_NAME)";
				SWIFT_VERSION = 3.0;
			};
			name = Release;
		};
/* End XCBuildConfiguration section */

/* Begin XCConfigurationList section */
		4DDFF3B01E443B4F00540075 /* Build configuration list for PBXProject "DVDCollector" */ = {
			isa = XCConfigurationList;
			buildConfigurations = (
				4DDFF3C81E443B4F00540075 /* Debug */,
				4DDFF3C91E443B4F00540075 /* Release */,
			);
			defaultConfigurationIsVisible = 0;
			defaultConfigurationName = Release;
		};
		4DDFF3CA1E443B4F00540075 /* Build configuration list for PBXNativeTarget "DVDCollector" */ = {
			isa = XCConfigurationList;
			buildConfigurations = (
				4DDFF3CB1E443B4F00540075 /* Debug */,
				4DDFF3CC1E443B4F00540075 /* Release */,
			);
			defaultConfigurationIsVisible = 0;
		};
/* End XCConfigurationList section */

/* Begin XCVersionGroup section */
		4DDFF3BF1E443B4F00540075 /* DVDCollector.xcdatamodeld */ = {
			isa = XCVersionGroup;
			children = (
				4DDFF3C01E443B4F00540075 /* DVDCollector.xcdatamodel */,
			);
			currentVersion = 4DDFF3C01E443B4F00540075 /* DVDCollector.xcdatamodel */;
			path = DVDCollector.xcdatamodeld;
			sourceTree = "<group>";
			versionGroupType = wrapper.xcdatamodel;
		};
/* End XCVersionGroup section */
	};
	rootObject = 4DDFF3AD1E443B4F00540075 /* Project object */;
}
